{
  "name": "mq",
  "version": "0.0.0",
  "dependencies": {
    "express": {
      "version": "3.0.0rc4",
      "dependencies": {
        "connect": {
          "version": "2.4.4",
          "dependencies": {
            "qs": {
              "version": "0.4.2"
            },
            "formidable": {
              "version": "1.0.11"
            },
            "bytes": {
              "version": "0.1.0"
            },
            "pause": {
              "version": "0.0.1"
            }
          }
        },
        "commander": {
          "version": "0.6.1"
        },
        "range-parser": {
          "version": "0.0.4"
        },
        "mkdirp": {
          "version": "0.3.3"
        },
        "cookie": {
          "version": "0.0.4"
        },
        "crc": {
          "version": "0.2.0"
        },
        "fresh": {
          "version": "0.1.0"
        },
        "methods": {
          "version": "0.0.1"
        },
        "send": {
          "version": "0.0.4",
          "dependencies": {
            "mime": {
              "version": "1.2.6"
            }
          }
        },
        "debug": {
          "version": "0.7.0"
        }
      }
    },
    "hbs": {
      "version": "1.0.3",
      "from": "https://github.com/rikkertkoppes/hbs/tarball/a4f1efdb30bf97fb0e21c71201e1c815b14262f3",
      "dependencies": {
        "handlebars": {
          "version": "1.0.7",
          "dependencies": {
            "optimist": {
              "version": "0.3.4",
              "dependencies": {
                "wordwrap": {
                  "version": "0.0.2"
                }
              }
            },
            "uglify-js": {
              "version": "1.2.6"
            }
          }
        }
      }
    },
    "amqp": {
      "version": "0.1.3"
    },
    "socket.io": {
      "version": "0.9.10",
      "dependencies": {
        "socket.io-client": {
          "version": "0.9.10",
          "dependencies": {
            "uglify-js": {
              "version": "1.2.5"
            },
            "ws": {
              "version": "0.4.21",
              "dependencies": {
                "commander": {
                  "version": "0.6.1"
                },
                "tinycolor": {
                  "version": "0.0.1"
                },
                "options": {
                  "version": "0.0.3"
                }
              }
            },
            "xmlhttprequest": {
              "version": "1.4.2"
            },
            "active-x-obfuscator": {
              "version": "0.0.1",
              "dependencies": {
                "zeparser": {
                  "version": "0.0.5"
                }
              }
            }
          }
        },
        "policyfile": {
          "version": "0.0.4"
        },
        "redis": {
          "version": "0.7.2"
        }
      }
    },
    "tuiter": {
      "version": "0.2.0",
      "dependencies": {
        "superagent": {
          "version": "0.8.2",
          "dependencies": {
            "qs": {
              "version": "0.4.2"
            },
            "formidable": {
              "version": "1.0.9"
            },
            "mime": {
              "version": "1.2.5"
            },
            "emitter-component": {
              "version": "0.0.1"
            },
            "methods": {
              "version": "0.0.1"
            },
            "cookiejar": {
              "version": "1.3.0"
            }
          }
        },
        "superagent-oauth": {
          "version": "0.2.3"
        },
        "oauth": {
          "version": "0.9.8"
        },
        "njstream": {
          "version": "0.0.4"
        }
      }
    }
  }
}
